// !$*UTF8*$!
{
	archiveVersion = 1;
	classes = {
	};
	objectVersion = 50;
	objects = {

/* Begin PBXBuildFile section */
		DC66DBD324CDFBDF00228FD2 /* AppDelegate.swift in Sources */ = {isa = PBXBuildFile; fileRef = DC66DBD224CDFBDF00228FD2 /* AppDelegate.swift */; };
		DC66DBD524CDFBDF00228FD2 /* SceneDelegate.swift in Sources */ = {isa = PBXBuildFile; fileRef = DC66DBD424CDFBDF00228FD2 /* SceneDelegate.swift */; };
		DC66DBD724CDFBDF00228FD2 /* ViewController.swift in Sources */ = {isa = PBXBuildFile; fileRef = DC66DBD624CDFBDF00228FD2 /* ViewController.swift */; };
		DC66DBDA24CDFBDF00228FD2 /* Main.storyboard in Resources */ = {isa = PBXBuildFile; fileRef = DC66DBD824CDFBDF00228FD2 /* Main.storyboard */; };
		DC66DBDC24CDFBE200228FD2 /* Assets.xcassets in Resources */ = {isa = PBXBuildFile; fileRef = DC66DBDB24CDFBE200228FD2 /* Assets.xcassets */; };
		DC66DBDF24CDFBE200228FD2 /* LaunchScreen.storyboard in Resources */ = {isa = PBXBuildFile; fileRef = DC66DBDD24CDFBE200228FD2 /* LaunchScreen.storyboard */; };
		DC66DBE924CDFCDA00228FD2 /* ContactCell.swift in Sources */ = {isa = PBXBuildFile; fileRef = DC66DBE824CDFCDA00228FD2 /* ContactCell.swift */; };
		DC66DBEB24CDFDBB00228FD2 /* ContactModel.swift in Sources */ = {isa = PBXBuildFile; fileRef = DC66DBEA24CDFDBB00228FD2 /* ContactModel.swift */; };
/* End PBXBuildFile section */

/* Begin PBXFileReference section */
		DC66DBCF24CDFBDF00228FD2 /* CustomTableView.app */ = {isa = PBXFileReference; explicitFileType = wrapper.application; includeInIndex = 0; path = CustomTableView.app; sourceTree = BUILT_PRODUCTS_DIR; };
		DC66DBD224CDFBDF00228FD2 /* AppDelegate.swift */ = {isa = PBXFileReference; lastKnownFileType = sourcecode.swift; path = AppDelegate.swift; sourceTree = "<group>"; };
		DC66DBD424CDFBDF00228FD2 /* SceneDelegate.swift */ = {isa = PBXFileReference; lastKnownFileType = sourcecode.swift; path = SceneDelegate.swift; sourceTree = "<group>"; };
		DC66DBD624CDFBDF00228FD2 /* ViewController.swift */ = {isa = PBXFileReference; lastKnownFileType = sourcecode.swift; path = ViewController.swift; sourceTree = "<group>"; };
		DC66DBD924CDFBDF00228FD2 /* Base */ = {isa = PBXFileReference; lastKnownFileType = file.storyboard; name = Base; path = Base.lproj/Main.storyboard; sourceTree = "<group>"; };
		DC66DBDB24CDFBE200228FD2 /* Assets.xcassets */ = {isa = PBXFileReference; lastKnownFileType = folder.assetcatalog; path = Assets.xcassets; sourceTree = "<group>"; };
		DC66DBDE24CDFBE200228FD2 /* Base */ = {isa = PBXFileReference; lastKnownFileType = file.storyboard; name = Base; path = Base.lproj/LaunchScreen.storyboard; sourceTree = "<group>"; };
		DC66DBE024CDFBE200228FD2 /* Info.plist */ = {isa = PBXFileReference; lastKnownFileType = text.plist.xml; path = Info.plist; sourceTree = "<group>"; };
		DC66DBE824CDFCDA00228FD2 /* ContactCell.swift */ = {isa = PBXFileReference; lastKnownFileType = sourcecode.swift; path = ContactCell.swift; sourceTree = "<group>"; };
		DC66DBEA24CDFDBB00228FD2 /* ContactModel.swift */ = {isa = PBXFileReference; lastKnownFileType = sourcecode.swift; path = ContactModel.swift; sourceTree = "<group>"; };
/* End PBXFileReference section */

/* Begin PBXFrameworksBuildPhase section */
		DC66DBCC24CDFBDF00228FD2 /* Frameworks */ = {
			isa = PBXFrameworksBuildPhase;
			buildActionMask = 2147483647;
			files = (
			);
			runOnlyForDeploymentPostprocessing = 0;
		};
/* End PBXFrameworksBuildPhase section */

/* Begin PBXGroup section */
		DC66DBC624CDFBDF00228FD2 = {
			isa = PBXGroup;
			children = (
				DC66DBD124CDFBDF00228FD2 /* CustomTableView */,
				DC66DBD024CDFBDF00228FD2 /* Products */,
			);
			sourceTree = "<group>";
		};
		DC66DBD024CDFBDF00228FD2 /* Products */ = {
			isa = PBXGroup;
			children = (
				DC66DBCF24CDFBDF00228FD2 /* CustomTableView.app */,
			);
			name = Products;
			sourceTree = "<group>";
		};
		DC66DBD124CDFBDF00228FD2 /* CustomTableView */ = {
			isa = PBXGroup;
			children = (
				DC66DBD224CDFBDF00228FD2 /* AppDelegate.swift */,
				DC66DBD424CDFBDF00228FD2 /* SceneDelegate.swift */,
				DC66DBD624CDFBDF00228FD2 /* ViewController.swift */,
				DC66DBD824CDFBDF00228FD2 /* Main.storyboard */,
				DC66DBDB24CDFBE200228FD2 /* Assets.xcassets */,
				DC66DBDD24CDFBE200228FD2 /* LaunchScreen.storyboard */,
				DC66DBE024CDFBE200228FD2 /* Info.plist */,
				DC66DBE824CDFCDA00228FD2 /* ContactCell.swift */,
				DC66DBEA24CDFDBB00228FD2 /* ContactModel.swift */,
			);
			path = CustomTableView;
			sourceTree = "<group>";
		};
/* End PBXGroup section */

/* Begin PBXNativeTarget section */
		DC66DBCE24CDFBDF00228FD2 /* CustomTableView */ = {
			isa = PBXNativeTarget;
			buildConfigurationList = DC66DBE324CDFBE200228FD2 /* Build configuration list for PBXNativeTarget "CustomTableView" */;
			buildPhases = (
				DC66DBCB24CDFBDF00228FD2 /* Sources */,
				DC66DBCC24CDFBDF00228FD2 /* Frameworks */,
				DC66DBCD24CDFBDF00228FD2 /* Resources */,
			);
			buildRules = (
			);
			dependencies = (
			);
			name = CustomTableView;
			productName = CustomTableView;
			productReference = DC66DBCF24CDFBDF00228FD2 /* CustomTableView.app */;
			productType = "com.apple.product-type.application";
		};
/* End PBXNativeTarget section */

/* Begin PBXProject section */
		DC66DBC724CDFBDF00228FD2 /* Project object */ = {
			isa = PBXProject;
			attributes = {
				LastSwiftUpdateCheck = 1160;
				LastUpgradeCheck = 1160;
				ORGANIZATIONNAME = "Adrian Galecki";
				TargetAttributes = {
					DC66DBCE24CDFBDF00228FD2 = {
						CreatedOnToolsVersion = 11.6;
					};
				};
			};
			buildConfigurationList = DC66DBCA24CDFBDF00228FD2 /* Build configuration list for PBXProject "CustomTableView" */;
			compatibilityVersion = "Xcode 9.3";
			developmentRegion = en;
			hasScannedForEncodings = 0;
			knownRegions = (
				en,
				Base,
			);
			mainGroup = DC66DBC624CDFBDF00228FD2;
			productRefGroup = DC66DBD024CDFBDF00228FD2 /* Products */;
			projectDirPath = "";
			projectRoot = "";
			targets = (
				DC66DBCE24CDFBDF00228FD2 /* CustomTableView */,
			);
		};
/* End PBXProject section */

/* Begin PBXResourcesBuildPhase section */
		DC66DBCD24CDFBDF00228FD2 /* Resources */ = {
			isa = PBXResourcesBuildPhase;
			buildActionMask = 2147483647;
			files = (
				DC66DBDF24CDFBE200228FD2 /* LaunchScreen.storyboard in Resources */,
				DC66DBDC24CDFBE200228FD2 /* Assets.xcassets in Resources */,
				DC66DBDA24CDFBDF00228FD2 /* Main.storyboard in Resources */,
			);
			runOnlyForDeploymentPostprocessing = 0;
		};
/* End PBXResourcesBuildPhase section */

/* Begin PBXSourcesBuildPhase section */
		DC66DBCB24CDFBDF00228FD2 /* Sources */ = {
			isa = PBXSourcesBuildPhase;
			buildActionMask = 2147483647;
			files = (
				DC66DBE924CDFCDA00228FD2 /* ContactCell.swift in Sources */,
				DC66DBD724CDFBDF00228FD2 /* ViewController.swift in Sources */,
				DC66DBD324CDFBDF00228FD2 /* AppDelegate.swift in Sources */,
				DC66DBEB24CDFDBB00228FD2 /* ContactModel.swift in Sources */,
				DC66DBD524CDFBDF00228FD2 /* SceneDelegate.swift in Sources */,
			);
			runOnlyForDeploymentPostprocessing = 0;
		};
/* End PBXSourcesBuildPhase section */

/* Begin PBXVariantGroup section */
		DC66DBD824CDFBDF00228FD2 /* Main.storyboard */ = {
			isa = PBXVariantGroup;
			children = (
				DC66DBD924CDFBDF00228FD2 /* Base */,
			);
			name = Main.storyboard;
			sourceTree = "<group>";
		};
		DC66DBDD24CDFBE200228FD2 /* LaunchScreen.storyboard */ = {
			isa = PBXVariantGroup;
			children = (
				DC66DBDE24CDFBE200228FD2 /* Base */,
			);
			name = LaunchScreen.storyboard;
			sourceTree = "<group>";
		};
/* End PBXVariantGroup section */

/* Begin XCBuildConfiguration section */
		DC66DBE124CDFBE200228FD2 /* Debug */ = {
			isa = XCBuildConfiguration;
			buildSettings = {
				ALWAYS_SEARCH_USER_PATHS = NO;
				CLANG_ANALYZER_NONNULL = YES;
				CLANG_ANALYZER_NUMBER_OBJECT_CONVERSION = YES_AGGRESSIVE;
				CLANG_CXX_LANGUAGE_STANDARD = "gnu++14";
				CLANG_CXX_LIBRARY = "libc++";
				CLANG_ENABLE_MODULES = YES;
				CLANG_ENABLE_OBJC_ARC = YES;
				CLANG_ENABLE_OBJC_WEAK = YES;
				CLANG_WARN_BLOCK_CAPTURE_AUTORELEASING = YES;
				CLANG_WARN_BOOL_CONVERSION = YES;
				CLANG_WARN_COMMA = YES;
				CLANG_WARN_CONSTANT_CONVERSION = YES;
				CLANG_WARN_DEPRECATED_OBJC_IMPLEMENTATIONS = YES;
				CLANG_WARN_DIRECT_OBJC_ISA_USAGE = YES_ERROR;
				CLANG_WARN_DOCUMENTATION_COMMENTS = YES;
				CLANG_WARN_EMPTY_BODY = YES;
				CLANG_WARN_ENUM_CONVERSION = YES;
				CLANG_WARN_INFINITE_RECURSION = YES;
				CLANG_WARN_INT_CONVERSION = YES;
				CLANG_WARN_NON_LITERAL_NULL_CONVERSION = YES;
				CLANG_WARN_OBJC_IMPLICIT_RETAIN_SELF = YES;
				CLANG_WARN_OBJC_LITERAL_CONVERSION = YES;
				CLANG_WARN_OBJC_ROOT_CLASS = YES_ERROR;
				CLANG_WARN_RANGE_LOOP_ANALYSIS = YES;
				CLANG_WARN_STRICT_PROTOTYPES = YES;
				CLANG_WARN_SUSPICIOUS_MOVE = YES;
				CLANG_WARN_UNGUARDED_AVAILABILITY = YES_AGGRESSIVE;
				CLANG_WARN_UNREACHABLE_CODE = YES;
				CLANG_WARN__DUPLICATE_METHOD_MATCH = YES;
				COPY_PHASE_STRIP = NO;
				DEBUG_INFORMATION_FORMAT = dwarf;
				ENABLE_STRICT_OBJC_MSGSEND = YES;
				ENABLE_TESTABILITY = YES;
				GCC_C_LANGUAGE_STANDARD = gnu11;
				GCC_DYNAMIC_NO_PIC = NO;
				GCC_NO_COMMON_BLOCKS = YES;
				GCC_OPTIMIZATION_LEVEL = 0;
				GCC_PREPROCESSOR_DEFINITIONS = (
					"DEBUG=1",
					"$(inherited)",
				);
				GCC_WARN_64_TO_32_BIT_CONVERSION = YES;
				GCC_WARN_ABOUT_RETURN_TYPE = YES_ERROR;
				GCC_WARN_UNDECLARED_SELECTOR = YES;
				GCC_WARN_UNINITIALIZED_AUTOS = YES_AGGRESSIVE;
				GCC_WARN_UNUSED_FUNCTION = YES;
				GCC_WARN_UNUSED_VARIABLE = YES;
				IPHONEOS_DEPLOYMENT_TARGET = 13.6;
				MTL_ENABLE_DEBUG_INFO = INCLUDE_SOURCE;
				MTL_FAST_MATH = YES;
				ONLY_ACTIVE_ARCH = YES;
				SDKROOT = iphoneos;
				SWIFT_ACTIVE_COMPILATION_CONDITIONS = DEBUG;
				SWIFT_OPTIMIZATION_LEVEL = "-Onone";
			};
			name = Debug;
		};
		DC66DBE224CDFBE200228FD2 /* Release */ = {
			isa = XCBuildConfiguration;
			buildSettings = {
				ALWAYS_SEARCH_USER_PATHS = NO;
				CLANG_ANALYZER_NONNULL = YES;
				CLANG_ANALYZER_NUMBER_OBJECT_CONVERSION = YES_AGGRESSIVE;
				CLANG_CXX_LANGUAGE_STANDARD = "gnu++14";
				CLANG_CXX_LIBRARY = "libc++";
				CLANG_ENABLE_MODULES = YES;
				CLANG_ENABLE_OBJC_ARC = YES;
				CLANG_ENABLE_OBJC_WEAK = YES;
				CLANG_WARN_BLOCK_CAPTURE_AUTORELEASING = YES;
				CLANG_WARN_BOOL_CONVERSION = YES;
				CLANG_WARN_COMMA = YES;
				CLANG_WARN_CONSTANT_CONVERSION = YES;
				CLANG_WARN_DEPRECATED_OBJC_IMPLEMENTATIONS = YES;
				CLANG_WARN_DIRECT_OBJC_ISA_USAGE = YES_ERROR;
				CLANG_WARN_DOCUMENTATION_COMMENTS = YES;
				CLANG_WARN_EMPTY_BODY = YES;
				CLANG_WARN_ENUM_CONVERSION = YES;
				CLANG_WARN_INFINITE_RECURSION = YES;
				CLANG_WARN_INT_CONVERSION = YES;
				CLANG_WARN_NON_LITERAL_NULL_CONVERSION = YES;
				CLANG_WARN_OBJC_IMPLICIT_RETAIN_SELF = YES;
				CLANG_WARN_OBJC_LITERAL_CONVERSION = YES;
				CLANG_WARN_OBJC_ROOT_CLASS = YES_ERROR;
				CLANG_WARN_RANGE_LOOP_ANALYSIS = YES;
				CLANG_WARN_STRICT_PROTOTYPES = YES;
				CLANG_WARN_SUSPICIOUS_MOVE = YES;
				CLANG_WARN_UNGUARDED_AVAILABILITY = YES_AGGRESSIVE;
				CLANG_WARN_UNREACHABLE_CODE = YES;
				CLANG_WARN__DUPLICATE_METHOD_MATCH = YES;
				COPY_PHASE_STRIP = NO;
				DEBUG_INFORMATION_FORMAT = "dwarf-with-dsym";
				ENABLE_NS_ASSERTIONS = NO;
				ENABLE_STRICT_OBJC_MSGSEND = YES;
				GCC_C_LANGUAGE_STANDARD = gnu11;
				GCC_NO_COMMON_BLOCKS = YES;
				GCC_WARN_64_TO_32_BIT_CONVERSION = YES;
				GCC_WARN_ABOUT_RETURN_TYPE = YES_ERROR;
				GCC_WARN_UNDECLARED_SELECTOR = YES;
				GCC_WARN_UNINITIALIZED_AUTOS = YES_AGGRESSIVE;
				GCC_WARN_UNUSED_FUNCTION = YES;
				GCC_WARN_UNUSED_VARIABLE = YES;
				IPHONEOS_DEPLOYMENT_TARGET = 13.6;
				MTL_ENABLE_DEBUG_INFO = NO;
				MTL_FAST_MATH = YES;
				SDKROOT = iphoneos;
				SWIFT_COMPILATION_MODE = wholemodule;
				SWIFT_OPTIMIZATION_LEVEL = "-O";
				VALIDATE_PRODUCT = YES;
			};
			name = Release;
		};
		DC66DBE424CDFBE200228FD2 /* Debug */ = {
			isa = XCBuildConfiguration;
			buildSettings = {
				ASSETCATALOG_COMPILER_APPICON_NAME = AppIcon;
				CODE_SIGN_STYLE = Automatic;
				DEVELOPMENT_TEAM = 93GCYU77NH;
				INFOPLIST_FILE = CustomTableView/Info.plist;
				LD_RUNPATH_SEARCH_PATHS = (
					"$(inherited)",
					"@executable_path/Frameworks",
				);
				PRODUCT_BUNDLE_IDENTIFIER = com.galecki.CustomTableView;
				PRODUCT_NAME = "$(TARGET_NAME)";
				SWIFT_VERSION = 5.0;
				TARGETED_DEVICE_FAMILY = "1,2";
			};
			name = Debug;
		};
		DC66DBE524CDFBE200228FD2 /* Release */ = {
			isa = XCBuildConfiguration;
			buildSettings = {
				ASSETCATALOG_COMPILER_APPICON_NAME = AppIcon;
				CODE_SIGN_STYLE = Automatic;
				DEVELOPMENT_TEAM = 93GCYU77NH;
				INFOPLIST_FILE = CustomTableView/Info.plist;
				LD_RUNPATH_SEARCH_PATHS = (
					"$(inherited)",
					"@executable_path/Frameworks",
				);
				PRODUCT_BUNDLE_IDENTIFIER = com.galecki.CustomTableView;
				PRODUCT_NAME = "$(TARGET_NAME)";
				SWIFT_VERSION = 5.0;
				TARGETED_DEVICE_FAMILY = "1,2";
			};
			name = Release;
		};
/* End XCBuildConfiguration section */

/* Begin XCConfigurationList section */
		DC66DBCA24CDFBDF00228FD2 /* Build configuration list for PBXProject "CustomTableView" */ = {
			isa = XCConfigurationList;
			buildConfigurations = (
				DC66DBE124CDFBE200228FD2 /* Debug */,
				DC66DBE224CDFBE200228FD2 /* Release */,
			);
			defaultConfigurationIsVisible = 0;
			defaultConfigurationName = Release;
		};
		DC66DBE324CDFBE200228FD2 /* Build configuration list for PBXNativeTarget "CustomTableView" */ = {
			isa = XCConfigurationList;
			buildConfigurations = (
				DC66DBE424CDFBE200228FD2 /* Debug */,
				DC66DBE524CDFBE200228FD2 /* Release */,
			);
			defaultConfigurationIsVisible = 0;
			defaultConfigurationName = Release;
		};
/* End XCConfigurationList section */
	};
	rootObject = DC66DBC724CDFBDF00228FD2 /* Project object */;
}
